// !$*UTF8*$!
{
	archiveVersion = 1;
	classes = {
	};
	objectVersion = 56;
	objects = {

/* Begin PBXBuildFile section */
		1511F0B92BD632FC008C088C /* NetworkConstant.swift in Sources */ = {isa = PBXBuildFile; fileRef = 1511F0B82BD632FB008C088C /* NetworkConstant.swift */; };
		1511F0BB2BD63989008C088C /* APICaller.swift in Sources */ = {isa = PBXBuildFile; fileRef = 1511F0BA2BD63989008C088C /* APICaller.swift */; };
		1511F0BD2BD639ED008C088C /* TrendingMoviesModel.swift in Sources */ = {isa = PBXBuildFile; fileRef = 1511F0BC2BD639ED008C088C /* TrendingMoviesModel.swift */; };
		1511F0BF2BD64840008C088C /* Observable.swift in Sources */ = {isa = PBXBuildFile; fileRef = 1511F0BE2BD64840008C088C /* Observable.swift */; };
		15BD74142BDB9BF000965F11 /* MainMovieCellTableViewCell.swift in Sources */ = {isa = PBXBuildFile; fileRef = 15BD74122BDB9BF000965F11 /* MainMovieCellTableViewCell.swift */; };
		15BD74152BDB9BF000965F11 /* MainMovieCellTableViewCell.xib in Resources */ = {isa = PBXBuildFile; fileRef = 15BD74132BDB9BF000965F11 /* MainMovieCellTableViewCell.xib */; };
		15BD74172BDB9FD900965F11 /* UIViewExtension.swift in Sources */ = {isa = PBXBuildFile; fileRef = 15BD74162BDB9FD900965F11 /* UIViewExtension.swift */; };
		15BD74192BDBA0BF00965F11 /* MovieTableCellViewModel.swift in Sources */ = {isa = PBXBuildFile; fileRef = 15BD74182BDBA0BF00965F11 /* MovieTableCellViewModel.swift */; };
		15BD741C2BDBA3C300965F11 /* SDWebImage in Frameworks */ = {isa = PBXBuildFile; productRef = 15BD741B2BDBA3C300965F11 /* SDWebImage */; };
		15BD74202BDBA97B00965F11 /* DetailsMovieViewController.swift in Sources */ = {isa = PBXBuildFile; fileRef = 15BD741E2BDBA97B00965F11 /* DetailsMovieViewController.swift */; };
		15BD74212BDBA97B00965F11 /* DetailsMovieViewController.xib in Resources */ = {isa = PBXBuildFile; fileRef = 15BD741F2BDBA97B00965F11 /* DetailsMovieViewController.xib */; };
		15BD74232BDBAC4E00965F11 /* DetailsMovieViewModel.swift in Sources */ = {isa = PBXBuildFile; fileRef = 15BD74222BDBAC4E00965F11 /* DetailsMovieViewModel.swift */; };
		15E2F3872BD2849F0077BFD7 /* AppDelegate.swift in Sources */ = {isa = PBXBuildFile; fileRef = 15E2F3862BD2849F0077BFD7 /* AppDelegate.swift */; };
		15E2F3902BD284A20077BFD7 /* Assets.xcassets in Resources */ = {isa = PBXBuildFile; fileRef = 15E2F38F2BD284A20077BFD7 /* Assets.xcassets */; };
		15E2F3932BD284A20077BFD7 /* LaunchScreen.storyboard in Resources */ = {isa = PBXBuildFile; fileRef = 15E2F3912BD284A20077BFD7 /* LaunchScreen.storyboard */; };
		15E2F39D2BD2863C0077BFD7 /* MainViewController.swift in Sources */ = {isa = PBXBuildFile; fileRef = 15E2F39B2BD2863C0077BFD7 /* MainViewController.swift */; };
		15E2F39E2BD2863C0077BFD7 /* MainViewController.xib in Resources */ = {isa = PBXBuildFile; fileRef = 15E2F39C2BD2863C0077BFD7 /* MainViewController.xib */; };
		15E2F3EF2BD3AFA60077BFD7 /* MainViewController+TableView.swift in Sources */ = {isa = PBXBuildFile; fileRef = 15E2F3EE2BD3AFA60077BFD7 /* MainViewController+TableView.swift */; };
		15E2F3F12BD3B15A0077BFD7 /* MainViewModel.swift in Sources */ = {isa = PBXBuildFile; fileRef = 15E2F3F02BD3B15A0077BFD7 /* MainViewModel.swift */; };
/* End PBXBuildFile section */

/* Begin PBXFileReference section */
		1511F0B82BD632FB008C088C /* NetworkConstant.swift */ = {isa = PBXFileReference; lastKnownFileType = sourcecode.swift; path = NetworkConstant.swift; sourceTree = "<group>"; };
		1511F0BA2BD63989008C088C /* APICaller.swift */ = {isa = PBXFileReference; lastKnownFileType = sourcecode.swift; path = APICaller.swift; sourceTree = "<group>"; };
		1511F0BC2BD639ED008C088C /* TrendingMoviesModel.swift */ = {isa = PBXFileReference; lastKnownFileType = sourcecode.swift; path = TrendingMoviesModel.swift; sourceTree = "<group>"; };
		1511F0BE2BD64840008C088C /* Observable.swift */ = {isa = PBXFileReference; lastKnownFileType = sourcecode.swift; path = Observable.swift; sourceTree = "<group>"; };
		15BD74122BDB9BF000965F11 /* MainMovieCellTableViewCell.swift */ = {isa = PBXFileReference; lastKnownFileType = sourcecode.swift; path = MainMovieCellTableViewCell.swift; sourceTree = "<group>"; };
		15BD74132BDB9BF000965F11 /* MainMovieCellTableViewCell.xib */ = {isa = PBXFileReference; lastKnownFileType = file.xib; path = MainMovieCellTableViewCell.xib; sourceTree = "<group>"; };
		15BD74162BDB9FD900965F11 /* UIViewExtension.swift */ = {isa = PBXFileReference; lastKnownFileType = sourcecode.swift; path = UIViewExtension.swift; sourceTree = "<group>"; };
		15BD74182BDBA0BF00965F11 /* MovieTableCellViewModel.swift */ = {isa = PBXFileReference; lastKnownFileType = sourcecode.swift; path = MovieTableCellViewModel.swift; sourceTree = "<group>"; };
		15BD741E2BDBA97B00965F11 /* DetailsMovieViewController.swift */ = {isa = PBXFileReference; lastKnownFileType = sourcecode.swift; path = DetailsMovieViewController.swift; sourceTree = "<group>"; };
		15BD741F2BDBA97B00965F11 /* DetailsMovieViewController.xib */ = {isa = PBXFileReference; lastKnownFileType = file.xib; path = DetailsMovieViewController.xib; sourceTree = "<group>"; };
		15BD74222BDBAC4E00965F11 /* DetailsMovieViewModel.swift */ = {isa = PBXFileReference; lastKnownFileType = sourcecode.swift; path = DetailsMovieViewModel.swift; sourceTree = "<group>"; };
		15E2F3832BD2849F0077BFD7 /* Movie-MVVM.app */ = {isa = PBXFileReference; explicitFileType = wrapper.application; includeInIndex = 0; path = "Movie-MVVM.app"; sourceTree = BUILT_PRODUCTS_DIR; };
		15E2F3862BD2849F0077BFD7 /* AppDelegate.swift */ = {isa = PBXFileReference; lastKnownFileType = sourcecode.swift; path = AppDelegate.swift; sourceTree = "<group>"; };
		15E2F38F2BD284A20077BFD7 /* Assets.xcassets */ = {isa = PBXFileReference; lastKnownFileType = folder.assetcatalog; path = Assets.xcassets; sourceTree = "<group>"; };
		15E2F3922BD284A20077BFD7 /* Base */ = {isa = PBXFileReference; lastKnownFileType = file.storyboard; name = Base; path = Base.lproj/LaunchScreen.storyboard; sourceTree = "<group>"; };
		15E2F3942BD284A20077BFD7 /* Info.plist */ = {isa = PBXFileReference; lastKnownFileType = text.plist.xml; path = Info.plist; sourceTree = "<group>"; };
		15E2F39B2BD2863C0077BFD7 /* MainViewController.swift */ = {isa = PBXFileReference; lastKnownFileType = sourcecode.swift; path = MainViewController.swift; sourceTree = "<group>"; };
		15E2F39C2BD2863C0077BFD7 /* MainViewController.xib */ = {isa = PBXFileReference; lastKnownFileType = file.xib; path = MainViewController.xib; sourceTree = "<group>"; };
		15E2F3EE2BD3AFA60077BFD7 /* MainViewController+TableView.swift */ = {isa = PBXFileReference; lastKnownFileType = sourcecode.swift; path = "MainViewController+TableView.swift"; sourceTree = "<group>"; };
		15E2F3F02BD3B15A0077BFD7 /* MainViewModel.swift */ = {isa = PBXFileReference; lastKnownFileType = sourcecode.swift; path = MainViewModel.swift; sourceTree = "<group>"; };
/* End PBXFileReference section */

/* Begin PBXFrameworksBuildPhase section */
		15E2F3802BD2849F0077BFD7 /* Frameworks */ = {
			isa = PBXFrameworksBuildPhase;
			buildActionMask = 2147483647;
			files = (
				15BD741C2BDBA3C300965F11 /* SDWebImage in Frameworks */,
			);
			runOnlyForDeploymentPostprocessing = 0;
		};
/* End PBXFrameworksBuildPhase section */

/* Begin PBXGroup section */
		15BD74112BDB9BA800965F11 /* MainMovieCell */ = {
			isa = PBXGroup;
			children = (
				15BD74122BDB9BF000965F11 /* MainMovieCellTableViewCell.swift */,
				15BD74132BDB9BF000965F11 /* MainMovieCellTableViewCell.xib */,
			);
			path = MainMovieCell;
			sourceTree = "<group>";
		};
		15BD741D2BDBA94B00965F11 /* DetailsMovieViewController */ = {
			isa = PBXGroup;
			children = (
				15BD741E2BDBA97B00965F11 /* DetailsMovieViewController.swift */,
				15BD741F2BDBA97B00965F11 /* DetailsMovieViewController.xib */,
			);
			path = DetailsMovieViewController;
			sourceTree = "<group>";
		};
		15E2F37A2BD2849F0077BFD7 = {
			isa = PBXGroup;
			children = (
				15E2F3852BD2849F0077BFD7 /* Movie-MVVM */,
				15E2F3842BD2849F0077BFD7 /* Products */,
			);
			sourceTree = "<group>";
		};
		15E2F3842BD2849F0077BFD7 /* Products */ = {
			isa = PBXGroup;
			children = (
				15E2F3832BD2849F0077BFD7 /* Movie-MVVM.app */,
			);
			name = Products;
			sourceTree = "<group>";
		};
		15E2F3852BD2849F0077BFD7 /* Movie-MVVM */ = {
			isa = PBXGroup;
			children = (
				15E2F3A62BD289900077BFD7 /* Networking */,
				15E2F3A52BD289750077BFD7 /* Extensions */,
				15E2F3A42BD289340077BFD7 /* Resources */,
				15E2F3A32BD289190077BFD7 /* Classes */,
				15E2F3A22BD2890F0077BFD7 /* Model */,
				15E2F3A12BD288F70077BFD7 /* Controllers */,
				15E2F3A02BD288EC0077BFD7 /* ViewModel */,
				15E2F39F2BD288D80077BFD7 /* View */,
				15E2F3862BD2849F0077BFD7 /* AppDelegate.swift */,
				15E2F3942BD284A20077BFD7 /* Info.plist */,
			);
			path = "Movie-MVVM";
			sourceTree = "<group>";
		};
		15E2F39A2BD286040077BFD7 /* MainViewController */ = {
			isa = PBXGroup;
			children = (
				15E2F39B2BD2863C0077BFD7 /* MainViewController.swift */,
				15E2F39C2BD2863C0077BFD7 /* MainViewController.xib */,
				15E2F3EE2BD3AFA60077BFD7 /* MainViewController+TableView.swift */,
			);
			path = MainViewController;
			sourceTree = "<group>";
		};
		15E2F39F2BD288D80077BFD7 /* View */ = {
			isa = PBXGroup;
			children = (
				15BD74112BDB9BA800965F11 /* MainMovieCell */,
				15E2F3912BD284A20077BFD7 /* LaunchScreen.storyboard */,
			);
			path = View;
			sourceTree = "<group>";
		};
		15E2F3A02BD288EC0077BFD7 /* ViewModel */ = {
			isa = PBXGroup;
			children = (
				15E2F3F02BD3B15A0077BFD7 /* MainViewModel.swift */,
				15BD74182BDBA0BF00965F11 /* MovieTableCellViewModel.swift */,
				15BD74222BDBAC4E00965F11 /* DetailsMovieViewModel.swift */,
			);
			path = ViewModel;
			sourceTree = "<group>";
		};
		15E2F3A12BD288F70077BFD7 /* Controllers */ = {
			isa = PBXGroup;
			children = (
				15BD741D2BDBA94B00965F11 /* DetailsMovieViewController */,
				15E2F39A2BD286040077BFD7 /* MainViewController */,
			);
			path = Controllers;
			sourceTree = "<group>";
		};
		15E2F3A22BD2890F0077BFD7 /* Model */ = {
			isa = PBXGroup;
			children = (
				1511F0BC2BD639ED008C088C /* TrendingMoviesModel.swift */,
			);
			path = Model;
			sourceTree = "<group>";
		};
		15E2F3A32BD289190077BFD7 /* Classes */ = {
			isa = PBXGroup;
			children = (
				1511F0BE2BD64840008C088C /* Observable.swift */,
			);
			path = Classes;
			sourceTree = "<group>";
		};
		15E2F3A42BD289340077BFD7 /* Resources */ = {
			isa = PBXGroup;
			children = (
				15E2F38F2BD284A20077BFD7 /* Assets.xcassets */,
			);
			path = Resources;
			sourceTree = "<group>";
		};
		15E2F3A52BD289750077BFD7 /* Extensions */ = {
			isa = PBXGroup;
			children = (
				15BD74162BDB9FD900965F11 /* UIViewExtension.swift */,
			);
			path = Extensions;
			sourceTree = "<group>";
		};
		15E2F3A62BD289900077BFD7 /* Networking */ = {
			isa = PBXGroup;
			children = (
				1511F0B82BD632FB008C088C /* NetworkConstant.swift */,
				1511F0BA2BD63989008C088C /* APICaller.swift */,
			);
			path = Networking;
			sourceTree = "<group>";
		};
/* End PBXGroup section */

/* Begin PBXNativeTarget section */
		15E2F3822BD2849F0077BFD7 /* Movie-MVVM */ = {
			isa = PBXNativeTarget;
			buildConfigurationList = 15E2F3972BD284A20077BFD7 /* Build configuration list for PBXNativeTarget "Movie-MVVM" */;
			buildPhases = (
				15E2F37F2BD2849F0077BFD7 /* Sources */,
				15E2F3802BD2849F0077BFD7 /* Frameworks */,
				15E2F3812BD2849F0077BFD7 /* Resources */,
			);
			buildRules = (
			);
			dependencies = (
			);
			name = "Movie-MVVM";
			packageProductDependencies = (
				15BD741B2BDBA3C300965F11 /* SDWebImage */,
			);
			productName = "Movie-MVVM";
			productReference = 15E2F3832BD2849F0077BFD7 /* Movie-MVVM.app */;
			productType = "com.apple.product-type.application";
		};
/* End PBXNativeTarget section */

/* Begin PBXProject section */
		15E2F37B2BD2849F0077BFD7 /* Project object */ = {
			isa = PBXProject;
			attributes = {
				BuildIndependentTargetsInParallel = 1;
				LastSwiftUpdateCheck = 1430;
				LastUpgradeCheck = 1430;
				TargetAttributes = {
					15E2F3822BD2849F0077BFD7 = {
						CreatedOnToolsVersion = 14.3.1;
					};
				};
			};
			buildConfigurationList = 15E2F37E2BD2849F0077BFD7 /* Build configuration list for PBXProject "Movie-MVVM" */;
			compatibilityVersion = "Xcode 14.0";
			developmentRegion = en;
			hasScannedForEncodings = 0;
			knownRegions = (
				en,
				Base,
			);
			mainGroup = 15E2F37A2BD2849F0077BFD7;
			packageReferences = (
				15BD741A2BDBA3C300965F11 /* XCRemoteSwiftPackageReference "SDWebImage" */,
			);
			productRefGroup = 15E2F3842BD2849F0077BFD7 /* Products */;
			projectDirPath = "";
			projectRoot = "";
			targets = (
				15E2F3822BD2849F0077BFD7 /* Movie-MVVM */,
			);
		};
/* End PBXProject section */

/* Begin PBXResourcesBuildPhase section */
		15E2F3812BD2849F0077BFD7 /* Resources */ = {
			isa = PBXResourcesBuildPhase;
			buildActionMask = 2147483647;
			files = (
				15E2F3932BD284A20077BFD7 /* LaunchScreen.storyboard in Resources */,
				15E2F39E2BD2863C0077BFD7 /* MainViewController.xib in Resources */,
				15E2F3902BD284A20077BFD7 /* Assets.xcassets in Resources */,
				15BD74212BDBA97B00965F11 /* DetailsMovieViewController.xib in Resources */,
				15BD74152BDB9BF000965F11 /* MainMovieCellTableViewCell.xib in Resources */,
			);
			runOnlyForDeploymentPostprocessing = 0;
		};
/* End PBXResourcesBuildPhase section */

/* Begin PBXSourcesBuildPhase section */
		15E2F37F2BD2849F0077BFD7 /* Sources */ = {
			isa = PBXSourcesBuildPhase;
			buildActionMask = 2147483647;
			files = (
				15BD74172BDB9FD900965F11 /* UIViewExtension.swift in Sources */,
				1511F0BF2BD64840008C088C /* Observable.swift in Sources */,
				15E2F3872BD2849F0077BFD7 /* AppDelegate.swift in Sources */,
				1511F0BB2BD63989008C088C /* APICaller.swift in Sources */,
				15BD74202BDBA97B00965F11 /* DetailsMovieViewController.swift in Sources */,
				15E2F3EF2BD3AFA60077BFD7 /* MainViewController+TableView.swift in Sources */,
				15E2F39D2BD2863C0077BFD7 /* MainViewController.swift in Sources */,
				1511F0B92BD632FC008C088C /* NetworkConstant.swift in Sources */,
				15BD74192BDBA0BF00965F11 /* MovieTableCellViewModel.swift in Sources */,
				15BD74142BDB9BF000965F11 /* MainMovieCellTableViewCell.swift in Sources */,
				15BD74232BDBAC4E00965F11 /* DetailsMovieViewModel.swift in Sources */,
				15E2F3F12BD3B15A0077BFD7 /* MainViewModel.swift in Sources */,
				1511F0BD2BD639ED008C088C /* TrendingMoviesModel.swift in Sources */,
			);
			runOnlyForDeploymentPostprocessing = 0;
		};
/* End PBXSourcesBuildPhase section */

/* Begin PBXVariantGroup section */
		15E2F3912BD284A20077BFD7 /* LaunchScreen.storyboard */ = {
			isa = PBXVariantGroup;
			children = (
				15E2F3922BD284A20077BFD7 /* Base */,
			);
			name = LaunchScreen.storyboard;
			sourceTree = "<group>";
		};
/* End PBXVariantGroup section */

/* Begin XCBuildConfiguration section */
		15E2F3952BD284A20077BFD7 /* Debug */ = {
			isa = XCBuildConfiguration;
			buildSettings = {
				ALWAYS_SEARCH_USER_PATHS = NO;
				CLANG_ANALYZER_NONNULL = YES;
				CLANG_ANALYZER_NUMBER_OBJECT_CONVERSION = YES_AGGRESSIVE;
				CLANG_CXX_LANGUAGE_STANDARD = "gnu++20";
				CLANG_ENABLE_MODULES = YES;
				CLANG_ENABLE_OBJC_ARC = YES;
				CLANG_ENABLE_OBJC_WEAK = YES;
				CLANG_WARN_BLOCK_CAPTURE_AUTORELEASING = YES;
				CLANG_WARN_BOOL_CONVERSION = YES;
				CLANG_WARN_COMMA = YES;
				CLANG_WARN_CONSTANT_CONVERSION = YES;
				CLANG_WARN_DEPRECATED_OBJC_IMPLEMENTATIONS = YES;
				CLANG_WARN_DIRECT_OBJC_ISA_USAGE = YES_ERROR;
				CLANG_WARN_DOCUMENTATION_COMMENTS = YES;
				CLANG_WARN_EMPTY_BODY = YES;
				CLANG_WARN_ENUM_CONVERSION = YES;
				CLANG_WARN_INFINITE_RECURSION = YES;
				CLANG_WARN_INT_CONVERSION = YES;
				CLANG_WARN_NON_LITERAL_NULL_CONVERSION = YES;
				CLANG_WARN_OBJC_IMPLICIT_RETAIN_SELF = YES;
				CLANG_WARN_OBJC_LITERAL_CONVERSION = YES;
				CLANG_WARN_OBJC_ROOT_CLASS = YES_ERROR;
				CLANG_WARN_QUOTED_INCLUDE_IN_FRAMEWORK_HEADER = YES;
				CLANG_WARN_RANGE_LOOP_ANALYSIS = YES;
				CLANG_WARN_STRICT_PROTOTYPES = YES;
				CLANG_WARN_SUSPICIOUS_MOVE = YES;
				CLANG_WARN_UNGUARDED_AVAILABILITY = YES_AGGRESSIVE;
				CLANG_WARN_UNREACHABLE_CODE = YES;
				CLANG_WARN__DUPLICATE_METHOD_MATCH = YES;
				COPY_PHASE_STRIP = NO;
				DEBUG_INFORMATION_FORMAT = dwarf;
				ENABLE_STRICT_OBJC_MSGSEND = YES;
				ENABLE_TESTABILITY = YES;
				GCC_C_LANGUAGE_STANDARD = gnu11;
				GCC_DYNAMIC_NO_PIC = NO;
				GCC_NO_COMMON_BLOCKS = YES;
				GCC_OPTIMIZATION_LEVEL = 0;
				GCC_PREPROCESSOR_DEFINITIONS = (
					"DEBUG=1",
					"$(inherited)",
				);
				GCC_WARN_64_TO_32_BIT_CONVERSION = YES;
				GCC_WARN_ABOUT_RETURN_TYPE = YES_ERROR;
				GCC_WARN_UNDECLARED_SELECTOR = YES;
				GCC_WARN_UNINITIALIZED_AUTOS = YES_AGGRESSIVE;
				GCC_WARN_UNUSED_FUNCTION = YES;
				GCC_WARN_UNUSED_VARIABLE = YES;
				IPHONEOS_DEPLOYMENT_TARGET = 16.4;
				MTL_ENABLE_DEBUG_INFO = INCLUDE_SOURCE;
				MTL_FAST_MATH = YES;
				ONLY_ACTIVE_ARCH = YES;
				SDKROOT = iphoneos;
				SWIFT_ACTIVE_COMPILATION_CONDITIONS = DEBUG;
				SWIFT_OPTIMIZATION_LEVEL = "-Onone";
			};
			name = Debug;
		};
		15E2F3962BD284A20077BFD7 /* Release */ = {
			isa = XCBuildConfiguration;
			buildSettings = {
				ALWAYS_SEARCH_USER_PATHS = NO;
				CLANG_ANALYZER_NONNULL = YES;
				CLANG_ANALYZER_NUMBER_OBJECT_CONVERSION = YES_AGGRESSIVE;
				CLANG_CXX_LANGUAGE_STANDARD = "gnu++20";
				CLANG_ENABLE_MODULES = YES;
				CLANG_ENABLE_OBJC_ARC = YES;
				CLANG_ENABLE_OBJC_WEAK = YES;
				CLANG_WARN_BLOCK_CAPTURE_AUTORELEASING = YES;
				CLANG_WARN_BOOL_CONVERSION = YES;
				CLANG_WARN_COMMA = YES;
				CLANG_WARN_CONSTANT_CONVERSION = YES;
				CLANG_WARN_DEPRECATED_OBJC_IMPLEMENTATIONS = YES;
				CLANG_WARN_DIRECT_OBJC_ISA_USAGE = YES_ERROR;
				CLANG_WARN_DOCUMENTATION_COMMENTS = YES;
				CLANG_WARN_EMPTY_BODY = YES;
				CLANG_WARN_ENUM_CONVERSION = YES;
				CLANG_WARN_INFINITE_RECURSION = YES;
				CLANG_WARN_INT_CONVERSION = YES;
				CLANG_WARN_NON_LITERAL_NULL_CONVERSION = YES;
				CLANG_WARN_OBJC_IMPLICIT_RETAIN_SELF = YES;
				CLANG_WARN_OBJC_LITERAL_CONVERSION = YES;
				CLANG_WARN_OBJC_ROOT_CLASS = YES_ERROR;
				CLANG_WARN_QUOTED_INCLUDE_IN_FRAMEWORK_HEADER = YES;
				CLANG_WARN_RANGE_LOOP_ANALYSIS = YES;
				CLANG_WARN_STRICT_PROTOTYPES = YES;
				CLANG_WARN_SUSPICIOUS_MOVE = YES;
				CLANG_WARN_UNGUARDED_AVAILABILITY = YES_AGGRESSIVE;
				CLANG_WARN_UNREACHABLE_CODE = YES;
				CLANG_WARN__DUPLICATE_METHOD_MATCH = YES;
				COPY_PHASE_STRIP = NO;
				DEBUG_INFORMATION_FORMAT = "dwarf-with-dsym";
				ENABLE_NS_ASSERTIONS = NO;
				ENABLE_STRICT_OBJC_MSGSEND = YES;
				GCC_C_LANGUAGE_STANDARD = gnu11;
				GCC_NO_COMMON_BLOCKS = YES;
				GCC_WARN_64_TO_32_BIT_CONVERSION = YES;
				GCC_WARN_ABOUT_RETURN_TYPE = YES_ERROR;
				GCC_WARN_UNDECLARED_SELECTOR = YES;
				GCC_WARN_UNINITIALIZED_AUTOS = YES_AGGRESSIVE;
				GCC_WARN_UNUSED_FUNCTION = YES;
				GCC_WARN_UNUSED_VARIABLE = YES;
				IPHONEOS_DEPLOYMENT_TARGET = 16.4;
				MTL_ENABLE_DEBUG_INFO = NO;
				MTL_FAST_MATH = YES;
				SDKROOT = iphoneos;
				SWIFT_COMPILATION_MODE = wholemodule;
				SWIFT_OPTIMIZATION_LEVEL = "-O";
				VALIDATE_PRODUCT = YES;
			};
			name = Release;
		};
		15E2F3982BD284A20077BFD7 /* Debug */ = {
			isa = XCBuildConfiguration;
			buildSettings = {
				ASSETCATALOG_COMPILER_APPICON_NAME = AppIcon;
				ASSETCATALOG_COMPILER_GLOBAL_ACCENT_COLOR_NAME = AccentColor;
				CODE_SIGN_STYLE = Automatic;
				CURRENT_PROJECT_VERSION = 1;
				DEVELOPMENT_TEAM = ZP57XFKK68;
				GENERATE_INFOPLIST_FILE = YES;
				INFOPLIST_FILE = "Movie-MVVM/Info.plist";
				INFOPLIST_KEY_UIApplicationSupportsIndirectInputEvents = YES;
				INFOPLIST_KEY_UILaunchStoryboardName = LaunchScreen;
				INFOPLIST_KEY_UISupportedInterfaceOrientations = UIInterfaceOrientationPortrait;
				LD_RUNPATH_SEARCH_PATHS = (
					"$(inherited)",
					"@executable_path/Frameworks",
				);
				MARKETING_VERSION = 1.0;
				PRODUCT_BUNDLE_IDENTIFIER = "com.abdurrahmankaraoluk.Movie-MVVM";
				PRODUCT_NAME = "$(TARGET_NAME)";
				SWIFT_EMIT_LOC_STRINGS = YES;
				SWIFT_VERSION = 5.0;
				TARGETED_DEVICE_FAMILY = "1,2";
			};
			name = Debug;
		};
		15E2F3992BD284A20077BFD7 /* Release */ = {
			isa = XCBuildConfiguration;
			buildSettings = {
				ASSETCATALOG_COMPILER_APPICON_NAME = AppIcon;
				ASSETCATALOG_COMPILER_GLOBAL_ACCENT_COLOR_NAME = AccentColor;
				CODE_SIGN_STYLE = Automatic;
				CURRENT_PROJECT_VERSION = 1;
				DEVELOPMENT_TEAM = ZP57XFKK68;
				GENERATE_INFOPLIST_FILE = YES;
				INFOPLIST_FILE = "Movie-MVVM/Info.plist";
				INFOPLIST_KEY_UIApplicationSupportsIndirectInputEvents = YES;
				INFOPLIST_KEY_UILaunchStoryboardName = LaunchScreen;
				INFOPLIST_KEY_UISupportedInterfaceOrientations = UIInterfaceOrientationPortrait;
				LD_RUNPATH_SEARCH_PATHS = (
					"$(inherited)",
					"@executable_path/Frameworks",
				);
				MARKETING_VERSION = 1.0;
				PRODUCT_BUNDLE_IDENTIFIER = "com.abdurrahmankaraoluk.Movie-MVVM";
				PRODUCT_NAME = "$(TARGET_NAME)";
				SWIFT_EMIT_LOC_STRINGS = YES;
				SWIFT_VERSION = 5.0;
				TARGETED_DEVICE_FAMILY = "1,2";
			};
			name = Release;
		};
/* End XCBuildConfiguration section */

/* Begin XCConfigurationList section */
		15E2F37E2BD2849F0077BFD7 /* Build configuration list for PBXProject "Movie-MVVM" */ = {
			isa = XCConfigurationList;
			buildConfigurations = (
				15E2F3952BD284A20077BFD7 /* Debug */,
				15E2F3962BD284A20077BFD7 /* Release */,
			);
			defaultConfigurationIsVisible = 0;
			defaultConfigurationName = Release;
		};
		15E2F3972BD284A20077BFD7 /* Build configuration list for PBXNativeTarget "Movie-MVVM" */ = {
			isa = XCConfigurationList;
			buildConfigurations = (
				15E2F3982BD284A20077BFD7 /* Debug */,
				15E2F3992BD284A20077BFD7 /* Release */,
			);
			defaultConfigurationIsVisible = 0;
			defaultConfigurationName = Release;
		};
/* End XCConfigurationList section */

/* Begin XCRemoteSwiftPackageReference section */
		15BD741A2BDBA3C300965F11 /* XCRemoteSwiftPackageReference "SDWebImage" */ = {
			isa = XCRemoteSwiftPackageReference;
			repositoryURL = "https://github.com/SDWebImage/SDWebImage";
			requirement = {
				kind = upToNextMajorVersion;
				minimumVersion = 5.0.0;
			};
		};
/* End XCRemoteSwiftPackageReference section */

/* Begin XCSwiftPackageProductDependency section */
		15BD741B2BDBA3C300965F11 /* SDWebImage */ = {
			isa = XCSwiftPackageProductDependency;
			package = 15BD741A2BDBA3C300965F11 /* XCRemoteSwiftPackageReference "SDWebImage" */;
			productName = SDWebImage;
		};
/* End XCSwiftPackageProductDependency section */
	};
	rootObject = 15E2F37B2BD2849F0077BFD7 /* Project object */;
}
